
Microsoft Visual Studio Solution File, Format Version 12.00
# Visual Studio Version 17
VisualStudioVersion = 17.2.32602.215
MinimumVisualStudioVersion = 10.0.40219.1
Project("{FAE04EC0-301F-11D3-BF4B-00C04F79EFBC}") = "AllupBackendProject", "AllupBackendProject\AllupBackendProject.csproj", "{A56CB961-34FA-43E6-9D90-DF35C30C0369}"
EndProject
Global
	GlobalSection(SolutionConfigurationPlatforms) = preSolution
		Debug|Any CPU = Debug|Any CPU
		Release|Any CPU = Release|Any CPU
	EndGlobalSection
	GlobalSection(ProjectConfigurationPlatforms) = postSolution
		{A56CB961-34FA-43E6-9D90-DF35C30C0369}.Debug|Any CPU.ActiveCfg = Debug|Any CPU
		{A56CB961-34FA-43E6-9D90-DF35C30C0369}.Debug|Any CPU.Build.0 = Debug|Any CPU
		{A56CB961-34FA-43E6-9D90-DF35C30C0369}.Release|Any CPU.ActiveCfg = Release|Any CPU
		{A56CB961-34FA-43E6-9D90-DF35C30C0369}.Release|Any CPU.Build.0 = Release|Any CPU
	EndGlobalSection
	GlobalSection(SolutionProperties) = preSolution
		HideSolutionNode = FALSE
	EndGlobalSection
	GlobalSection(ExtensibilityGlobals) = postSolution
		SolutionGuid = {209274DD-9FA4-40CA-9329-C89873BE6708}
	EndGlobalSection
EndGlobal
